
Microsoft Visual Studio Solution File, Format Version 12.00
# Visual Studio Version 17
VisualStudioVersion = 17.2.32630.192
MinimumVisualStudioVersion = 10.0.40219.1
Project("{9A19103F-16F7-4668-BE54-9A1E7A4F7556}") = "pz_5", "pz_5\pz_5.csproj", "{1329A13E-E46A-486B-92DD-036721945CDC}"
EndProject
Project("{9A19103F-16F7-4668-BE54-9A1E7A4F7556}") = "pz_6", "pz_6\pz_6.csproj", "{47CAF722-201B-4CFE-9142-07B4AD79181E}"
EndProject
Project("{9A19103F-16F7-4668-BE54-9A1E7A4F7556}") = "pz_7", "pz_7\pz_7.csproj", "{692264C6-481E-4AD9-8E83-B61A4887103D}"
EndProject
Project("{9A19103F-16F7-4668-BE54-9A1E7A4F7556}") = "pz_8", "pz_8\pz_8.csproj", "{FE607538-AA5A-4DC0-94C0-AFB5ED2B7945}"
EndProject
Project("{9A19103F-16F7-4668-BE54-9A1E7A4F7556}") = "pz_9", "pz_9\pz_9.csproj", "{39F273DD-1BDB-446A-BCA6-15F1CD1727E2}"
EndProject
Project("{9A19103F-16F7-4668-BE54-9A1E7A4F7556}") = "pz_10", "pz_10\pz_10.csproj", "{B6E1137B-A35F-4F57-8433-14E9BF8DE55C}"
EndProject
Project("{9A19103F-16F7-4668-BE54-9A1E7A4F7556}") = "pz_11", "pz_11\pz_11.csproj", "{CE6CF199-D54E-4D5B-9282-378D49A04EE0}"
EndProject
Project("{9A19103F-16F7-4668-BE54-9A1E7A4F7556}") = "pz_12", "pz_12\pz_12.csproj", "{4F70E15E-F4F8-46E9-BBEE-385738B6A167}"
EndProject
Project("{9A19103F-16F7-4668-BE54-9A1E7A4F7556}") = "pz_13", "pz_13\pz_13.csproj", "{A957BFF0-1F8B-4E71-8D6C-4051C7AF952C}"
EndProject
Project("{9A19103F-16F7-4668-BE54-9A1E7A4F7556}") = "pz_14", "pz_14\pz_14.csproj", "{9A4B95B6-A713-4269-BE1E-6EE5910DA4FD}"
EndProject
Project("{9A19103F-16F7-4668-BE54-9A1E7A4F7556}") = "pz_15", "pz_15\pz_15.csproj", "{E4842B5B-C227-4395-95B3-DC657BEE3C39}"
EndProject
Project("{9A19103F-16F7-4668-BE54-9A1E7A4F7556}") = "pz_16", "pz_16\pz_16.csproj", "{22A4F0E2-3629-46A1-BB5E-F8143A581CFA}"
EndProject
Project("{9A19103F-16F7-4668-BE54-9A1E7A4F7556}") = "pz_17", "pz_17\pz_17.csproj", "{49529E58-7693-4FEB-945A-FD9A3E6098C6}"
EndProject
Project("{9A19103F-16F7-4668-BE54-9A1E7A4F7556}") = "pz_17_game", "pz_17_game\pz_17_game.csproj", "{CBE7EF35-381F-48A9-8A6E-DCF69606DD68}"
EndProject
Project("{9A19103F-16F7-4668-BE54-9A1E7A4F7556}") = "pz_18", "pz_18\pz_18.csproj", "{D3C0E3B1-CA93-496E-BEE5-2EBCFF082422}"
EndProject
Project("{9A19103F-16F7-4668-BE54-9A1E7A4F7556}") = "pz_19", "pz_19\pz_19.csproj", "{8059413C-81CD-4B6B-8E1D-7DAE261F654D}"
EndProject
Project("{9A19103F-16F7-4668-BE54-9A1E7A4F7556}") = "pz_20", "pz_20\pz_20.csproj", "{5703E401-49E1-4795-88E4-2AB90D8FDA4B}"
EndProject
Project("{9A19103F-16F7-4668-BE54-9A1E7A4F7556}") = "pz_21", "pz_21\pz_21.csproj", "{82DA3A74-7781-48A5-AF25-F2F5AC1BF7DE}"
EndProject
Project("{9A19103F-16F7-4668-BE54-9A1E7A4F7556}") = "pz_22", "pz_22\pz_22.csproj", "{AEEC252E-B254-4008-9874-EA14D28E7A2D}"
EndProject
Project("{9A19103F-16F7-4668-BE54-9A1E7A4F7556}") = "pz_23", "pz_23\pz_23.csproj", "{FF8025F2-5384-43A8-A4E0-51C05F9D2436}"
EndProject
Project("{9A19103F-16F7-4668-BE54-9A1E7A4F7556}") = "pz_24", "pz_24\pz_24.csproj", "{F75F25B8-3184-4548-BC54-0526666BBD0B}"
EndProject
Project("{9A19103F-16F7-4668-BE54-9A1E7A4F7556}") = "pz_27", "pz_27\pz_27.csproj", "{70272404-61EE-4625-9AF3-0583A21ED8B4}"
EndProject
Project("{9A19103F-16F7-4668-BE54-9A1E7A4F7556}") = "pz_28", "pz_28\pz_28.csproj", "{34DAAC88-4075-4E77-AF72-7140E961DC4F}"
EndProject
Project("{9A19103F-16F7-4668-BE54-9A1E7A4F7556}") = "pz_25", "pz_25\pz_25.csproj", "{62EA76AA-6AB3-4C08-B8F2-89FB7B476CA0}"
EndProject
Project("{FAE04EC0-301F-11D3-BF4B-00C04F79EFBC}") = "BankLibrary", "BankLibrary\BankLibrary.csproj", "{85C19FF3-2AA0-4751-8F1C-B793BAF2A7C7}"
EndProject
Project("{FAE04EC0-301F-11D3-BF4B-00C04F79EFBC}") = "BankApplication", "BankApplication\BankApplication.csproj", "{6CF08DEC-8B3F-41A6-96B9-30FACE95EF9F}"
EndProject
Project("{FAE04EC0-301F-11D3-BF4B-00C04F79EFBC}") = "pz_29", "pz_29\pz_29.csproj", "{419DF724-375D-465B-B88F-2ECA134BE4C3}"
EndProject
Global
	GlobalSection(SolutionConfigurationPlatforms) = preSolution
		Debug|Any CPU = Debug|Any CPU
		Release|Any CPU = Release|Any CPU
	EndGlobalSection
	GlobalSection(ProjectConfigurationPlatforms) = postSolution
		{1329A13E-E46A-486B-92DD-036721945CDC}.Debug|Any CPU.ActiveCfg = Debug|Any CPU
		{1329A13E-E46A-486B-92DD-036721945CDC}.Debug|Any CPU.Build.0 = Debug|Any CPU
		{1329A13E-E46A-486B-92DD-036721945CDC}.Release|Any CPU.ActiveCfg = Release|Any CPU
		{1329A13E-E46A-486B-92DD-036721945CDC}.Release|Any CPU.Build.0 = Release|Any CPU
		{47CAF722-201B-4CFE-9142-07B4AD79181E}.Debug|Any CPU.ActiveCfg = Debug|Any CPU
		{47CAF722-201B-4CFE-9142-07B4AD79181E}.Debug|Any CPU.Build.0 = Debug|Any CPU
		{47CAF722-201B-4CFE-9142-07B4AD79181E}.Release|Any CPU.ActiveCfg = Release|Any CPU
		{47CAF722-201B-4CFE-9142-07B4AD79181E}.Release|Any CPU.Build.0 = Release|Any CPU
		{692264C6-481E-4AD9-8E83-B61A4887103D}.Debug|Any CPU.ActiveCfg = Debug|Any CPU
		{692264C6-481E-4AD9-8E83-B61A4887103D}.Debug|Any CPU.Build.0 = Debug|Any CPU
		{692264C6-481E-4AD9-8E83-B61A4887103D}.Release|Any CPU.ActiveCfg = Release|Any CPU
		{692264C6-481E-4AD9-8E83-B61A4887103D}.Release|Any CPU.Build.0 = Release|Any CPU
		{FE607538-AA5A-4DC0-94C0-AFB5ED2B7945}.Debug|Any CPU.ActiveCfg = Debug|Any CPU
		{FE607538-AA5A-4DC0-94C0-AFB5ED2B7945}.Debug|Any CPU.Build.0 = Debug|Any CPU
		{FE607538-AA5A-4DC0-94C0-AFB5ED2B7945}.Release|Any CPU.ActiveCfg = Release|Any CPU
		{FE607538-AA5A-4DC0-94C0-AFB5ED2B7945}.Release|Any CPU.Build.0 = Release|Any CPU
		{39F273DD-1BDB-446A-BCA6-15F1CD1727E2}.Debug|Any CPU.ActiveCfg = Debug|Any CPU
		{39F273DD-1BDB-446A-BCA6-15F1CD1727E2}.Debug|Any CPU.Build.0 = Debug|Any CPU
		{39F273DD-1BDB-446A-BCA6-15F1CD1727E2}.Release|Any CPU.ActiveCfg = Release|Any CPU
		{39F273DD-1BDB-446A-BCA6-15F1CD1727E2}.Release|Any CPU.Build.0 = Release|Any CPU
		{B6E1137B-A35F-4F57-8433-14E9BF8DE55C}.Debug|Any CPU.ActiveCfg = Debug|Any CPU
		{B6E1137B-A35F-4F57-8433-14E9BF8DE55C}.Debug|Any CPU.Build.0 = Debug|Any CPU
		{B6E1137B-A35F-4F57-8433-14E9BF8DE55C}.Release|Any CPU.ActiveCfg = Release|Any CPU
		{B6E1137B-A35F-4F57-8433-14E9BF8DE55C}.Release|Any CPU.Build.0 = Release|Any CPU
		{CE6CF199-D54E-4D5B-9282-378D49A04EE0}.Debug|Any CPU.ActiveCfg = Debug|Any CPU
		{CE6CF199-D54E-4D5B-9282-378D49A04EE0}.Debug|Any CPU.Build.0 = Debug|Any CPU
		{CE6CF199-D54E-4D5B-9282-378D49A04EE0}.Release|Any CPU.ActiveCfg = Release|Any CPU
		{CE6CF199-D54E-4D5B-9282-378D49A04EE0}.Release|Any CPU.Build.0 = Release|Any CPU
		{4F70E15E-F4F8-46E9-BBEE-385738B6A167}.Debug|Any CPU.ActiveCfg = Debug|Any CPU
		{4F70E15E-F4F8-46E9-BBEE-385738B6A167}.Debug|Any CPU.Build.0 = Debug|Any CPU
		{4F70E15E-F4F8-46E9-BBEE-385738B6A167}.Release|Any CPU.ActiveCfg = Release|Any CPU
		{4F70E15E-F4F8-46E9-BBEE-385738B6A167}.Release|Any CPU.Build.0 = Release|Any CPU
		{A957BFF0-1F8B-4E71-8D6C-4051C7AF952C}.Debug|Any CPU.ActiveCfg = Debug|Any CPU
		{A957BFF0-1F8B-4E71-8D6C-4051C7AF952C}.Debug|Any CPU.Build.0 = Debug|Any CPU
		{A957BFF0-1F8B-4E71-8D6C-4051C7AF952C}.Release|Any CPU.ActiveCfg = Release|Any CPU
		{A957BFF0-1F8B-4E71-8D6C-4051C7AF952C}.Release|Any CPU.Build.0 = Release|Any CPU
		{9A4B95B6-A713-4269-BE1E-6EE5910DA4FD}.Debug|Any CPU.ActiveCfg = Debug|Any CPU
		{9A4B95B6-A713-4269-BE1E-6EE5910DA4FD}.Debug|Any CPU.Build.0 = Debug|Any CPU
		{9A4B95B6-A713-4269-BE1E-6EE5910DA4FD}.Release|Any CPU.ActiveCfg = Release|Any CPU
		{9A4B95B6-A713-4269-BE1E-6EE5910DA4FD}.Release|Any CPU.Build.0 = Release|Any CPU
		{E4842B5B-C227-4395-95B3-DC657BEE3C39}.Debug|Any CPU.ActiveCfg = Debug|Any CPU
		{E4842B5B-C227-4395-95B3-DC657BEE3C39}.Debug|Any CPU.Build.0 = Debug|Any CPU
		{E4842B5B-C227-4395-95B3-DC657BEE3C39}.Release|Any CPU.ActiveCfg = Release|Any CPU
		{E4842B5B-C227-4395-95B3-DC657BEE3C39}.Release|Any CPU.Build.0 = Release|Any CPU
		{22A4F0E2-3629-46A1-BB5E-F8143A581CFA}.Debug|Any CPU.ActiveCfg = Debug|Any CPU
		{22A4F0E2-3629-46A1-BB5E-F8143A581CFA}.Debug|Any CPU.Build.0 = Debug|Any CPU
		{22A4F0E2-3629-46A1-BB5E-F8143A581CFA}.Release|Any CPU.ActiveCfg = Release|Any CPU
		{22A4F0E2-3629-46A1-BB5E-F8143A581CFA}.Release|Any CPU.Build.0 = Release|Any CPU
		{49529E58-7693-4FEB-945A-FD9A3E6098C6}.Debug|Any CPU.ActiveCfg = Debug|Any CPU
		{49529E58-7693-4FEB-945A-FD9A3E6098C6}.Debug|Any CPU.Build.0 = Debug|Any CPU
		{49529E58-7693-4FEB-945A-FD9A3E6098C6}.Release|Any CPU.ActiveCfg = Release|Any CPU
		{49529E58-7693-4FEB-945A-FD9A3E6098C6}.Release|Any CPU.Build.0 = Release|Any CPU
		{CBE7EF35-381F-48A9-8A6E-DCF69606DD68}.Debug|Any CPU.ActiveCfg = Debug|Any CPU
		{CBE7EF35-381F-48A9-8A6E-DCF69606DD68}.Debug|Any CPU.Build.0 = Debug|Any CPU
		{CBE7EF35-381F-48A9-8A6E-DCF69606DD68}.Release|Any CPU.ActiveCfg = Release|Any CPU
		{CBE7EF35-381F-48A9-8A6E-DCF69606DD68}.Release|Any CPU.Build.0 = Release|Any CPU
		{D3C0E3B1-CA93-496E-BEE5-2EBCFF082422}.Debug|Any CPU.ActiveCfg = Debug|Any CPU
		{D3C0E3B1-CA93-496E-BEE5-2EBCFF082422}.Debug|Any CPU.Build.0 = Debug|Any CPU
		{D3C0E3B1-CA93-496E-BEE5-2EBCFF082422}.Release|Any CPU.ActiveCfg = Release|Any CPU
		{D3C0E3B1-CA93-496E-BEE5-2EBCFF082422}.Release|Any CPU.Build.0 = Release|Any CPU
		{8059413C-81CD-4B6B-8E1D-7DAE261F654D}.Debug|Any CPU.ActiveCfg = Debug|Any CPU
		{8059413C-81CD-4B6B-8E1D-7DAE261F654D}.Debug|Any CPU.Build.0 = Debug|Any CPU
		{8059413C-81CD-4B6B-8E1D-7DAE261F654D}.Release|Any CPU.ActiveCfg = Release|Any CPU
		{8059413C-81CD-4B6B-8E1D-7DAE261F654D}.Release|Any CPU.Build.0 = Release|Any CPU
		{5703E401-49E1-4795-88E4-2AB90D8FDA4B}.Debug|Any CPU.ActiveCfg = Debug|Any CPU
		{5703E401-49E1-4795-88E4-2AB90D8FDA4B}.Debug|Any CPU.Build.0 = Debug|Any CPU
		{5703E401-49E1-4795-88E4-2AB90D8FDA4B}.Release|Any CPU.ActiveCfg = Release|Any CPU
		{5703E401-49E1-4795-88E4-2AB90D8FDA4B}.Release|Any CPU.Build.0 = Release|Any CPU
		{82DA3A74-7781-48A5-AF25-F2F5AC1BF7DE}.Debug|Any CPU.ActiveCfg = Debug|Any CPU
		{82DA3A74-7781-48A5-AF25-F2F5AC1BF7DE}.Debug|Any CPU.Build.0 = Debug|Any CPU
		{82DA3A74-7781-48A5-AF25-F2F5AC1BF7DE}.Release|Any CPU.ActiveCfg = Release|Any CPU
		{82DA3A74-7781-48A5-AF25-F2F5AC1BF7DE}.Release|Any CPU.Build.0 = Release|Any CPU
		{AEEC252E-B254-4008-9874-EA14D28E7A2D}.Debug|Any CPU.ActiveCfg = Debug|Any CPU
		{AEEC252E-B254-4008-9874-EA14D28E7A2D}.Debug|Any CPU.Build.0 = Debug|Any CPU
		{AEEC252E-B254-4008-9874-EA14D28E7A2D}.Release|Any CPU.ActiveCfg = Release|Any CPU
		{AEEC252E-B254-4008-9874-EA14D28E7A2D}.Release|Any CPU.Build.0 = Release|Any CPU
		{FF8025F2-5384-43A8-A4E0-51C05F9D2436}.Debug|Any CPU.ActiveCfg = Debug|Any CPU
		{FF8025F2-5384-43A8-A4E0-51C05F9D2436}.Debug|Any CPU.Build.0 = Debug|Any CPU
		{FF8025F2-5384-43A8-A4E0-51C05F9D2436}.Release|Any CPU.ActiveCfg = Release|Any CPU
		{FF8025F2-5384-43A8-A4E0-51C05F9D2436}.Release|Any CPU.Build.0 = Release|Any CPU
		{F75F25B8-3184-4548-BC54-0526666BBD0B}.Debug|Any CPU.ActiveCfg = Debug|Any CPU
		{F75F25B8-3184-4548-BC54-0526666BBD0B}.Debug|Any CPU.Build.0 = Debug|Any CPU
		{F75F25B8-3184-4548-BC54-0526666BBD0B}.Release|Any CPU.ActiveCfg = Release|Any CPU
		{F75F25B8-3184-4548-BC54-0526666BBD0B}.Release|Any CPU.Build.0 = Release|Any CPU
		{70272404-61EE-4625-9AF3-0583A21ED8B4}.Debug|Any CPU.ActiveCfg = Debug|Any CPU
		{70272404-61EE-4625-9AF3-0583A21ED8B4}.Debug|Any CPU.Build.0 = Debug|Any CPU
		{70272404-61EE-4625-9AF3-0583A21ED8B4}.Release|Any CPU.ActiveCfg = Release|Any CPU
		{70272404-61EE-4625-9AF3-0583A21ED8B4}.Release|Any CPU.Build.0 = Release|Any CPU
		{34DAAC88-4075-4E77-AF72-7140E961DC4F}.Debug|Any CPU.ActiveCfg = Debug|Any CPU
		{34DAAC88-4075-4E77-AF72-7140E961DC4F}.Debug|Any CPU.Build.0 = Debug|Any CPU
		{34DAAC88-4075-4E77-AF72-7140E961DC4F}.Release|Any CPU.ActiveCfg = Release|Any CPU
		{34DAAC88-4075-4E77-AF72-7140E961DC4F}.Release|Any CPU.Build.0 = Release|Any CPU
		{62EA76AA-6AB3-4C08-B8F2-89FB7B476CA0}.Debug|Any CPU.ActiveCfg = Debug|Any CPU
		{62EA76AA-6AB3-4C08-B8F2-89FB7B476CA0}.Debug|Any CPU.Build.0 = Debug|Any CPU
		{62EA76AA-6AB3-4C08-B8F2-89FB7B476CA0}.Release|Any CPU.ActiveCfg = Release|Any CPU
		{62EA76AA-6AB3-4C08-B8F2-89FB7B476CA0}.Release|Any CPU.Build.0 = Release|Any CPU
		{85C19FF3-2AA0-4751-8F1C-B793BAF2A7C7}.Debug|Any CPU.ActiveCfg = Debug|Any CPU
		{85C19FF3-2AA0-4751-8F1C-B793BAF2A7C7}.Debug|Any CPU.Build.0 = Debug|Any CPU
		{85C19FF3-2AA0-4751-8F1C-B793BAF2A7C7}.Release|Any CPU.ActiveCfg = Release|Any CPU
		{85C19FF3-2AA0-4751-8F1C-B793BAF2A7C7}.Release|Any CPU.Build.0 = Release|Any CPU
		{6CF08DEC-8B3F-41A6-96B9-30FACE95EF9F}.Debug|Any CPU.ActiveCfg = Debug|Any CPU
		{6CF08DEC-8B3F-41A6-96B9-30FACE95EF9F}.Debug|Any CPU.Build.0 = Debug|Any CPU
		{6CF08DEC-8B3F-41A6-96B9-30FACE95EF9F}.Release|Any CPU.ActiveCfg = Release|Any CPU
		{6CF08DEC-8B3F-41A6-96B9-30FACE95EF9F}.Release|Any CPU.Build.0 = Release|Any CPU
		{419DF724-375D-465B-B88F-2ECA134BE4C3}.Debug|Any CPU.ActiveCfg = Debug|Any CPU
		{419DF724-375D-465B-B88F-2ECA134BE4C3}.Debug|Any CPU.Build.0 = Debug|Any CPU
		{419DF724-375D-465B-B88F-2ECA134BE4C3}.Release|Any CPU.ActiveCfg = Release|Any CPU
		{419DF724-375D-465B-B88F-2ECA134BE4C3}.Release|Any CPU.Build.0 = Release|Any CPU
	EndGlobalSection
	GlobalSection(SolutionProperties) = preSolution
		HideSolutionNode = FALSE
	EndGlobalSection
	GlobalSection(ExtensibilityGlobals) = postSolution
		SolutionGuid = {D4AEF614-8BD9-4553-8C7B-32A65D17242E}
	EndGlobalSection
EndGlobal
